
Microsoft Visual Studio Solution File, Format Version 12.00
# Visual Studio 15
VisualStudioVersion = 15.0.28010.2046
MinimumVisualStudioVersion = 10.0.40219.1
Project("{FAE04EC0-301F-11D3-BF4B-00C04F79EFBC}") = "ProyectoWebPageMaster", "ProyectoWebPageMaster\ProyectoWebPageMaster.csproj", "{45051EC8-A0FA-4298-9DC2-3E93D14B219C}"
EndProject
Global
	GlobalSection(SolutionConfigurationPlatforms) = preSolution
		Debug|Any CPU = Debug|Any CPU
		Release|Any CPU = Release|Any CPU
	EndGlobalSection
	GlobalSection(ProjectConfigurationPlatforms) = postSolution
		{45051EC8-A0FA-4298-9DC2-3E93D14B219C}.Debug|Any CPU.ActiveCfg = Debug|Any CPU
		{45051EC8-A0FA-4298-9DC2-3E93D14B219C}.Debug|Any CPU.Build.0 = Debug|Any CPU
		{45051EC8-A0FA-4298-9DC2-3E93D14B219C}.Release|Any CPU.ActiveCfg = Release|Any CPU
		{45051EC8-A0FA-4298-9DC2-3E93D14B219C}.Release|Any CPU.Build.0 = Release|Any CPU
	EndGlobalSection
	GlobalSection(SolutionProperties) = preSolution
		HideSolutionNode = FALSE
	EndGlobalSection
	GlobalSection(ExtensibilityGlobals) = postSolution
		SolutionGuid = {AA91D0A3-0995-4155-9452-1251E5D68C8D}
	EndGlobalSection
EndGlobal
